Microsoft Visual Studio Solution File, Format Version 12.00
# Visual Studio Version 17
VisualStudioVersion = 17.5.2.0
MinimumVisualStudioVersion = 10.0.40219.1
Project("{FAE04EC0-301F-11D3-BF4B-00C04F79EFBC}") = "jogo da velha", "jogo da velha\jogo da velha.csproj", "{45283188-AB2E-34AF-942F-694901781758}"
EndProject
Global
	GlobalSection(SolutionConfigurationPlatforms) = preSolution
		Debug|Any CPU = Debug|Any CPU
		Release|Any CPU = Release|Any CPU
	EndGlobalSection
	GlobalSection(ProjectConfigurationPlatforms) = postSolution
		{45283188-AB2E-34AF-942F-694901781758}.Debug|Any CPU.ActiveCfg = Debug|Any CPU
		{45283188-AB2E-34AF-942F-694901781758}.Debug|Any CPU.Build.0 = Debug|Any CPU
		{45283188-AB2E-34AF-942F-694901781758}.Release|Any CPU.ActiveCfg = Release|Any CPU
		{45283188-AB2E-34AF-942F-694901781758}.Release|Any CPU.Build.0 = Release|Any CPU
	EndGlobalSection
	GlobalSection(SolutionProperties) = preSolution
		HideSolutionNode = FALSE
	EndGlobalSection
	GlobalSection(ExtensibilityGlobals) = postSolution
		SolutionGuid = {E12E0108-240A-4C86-BCB1-DED1B0570EA3}
	EndGlobalSection
EndGlobal
